// !$*UTF8*$!
{
	archiveVersion = 1;
	classes = {
	};
	objectVersion = 50;
	objects = {

/* Begin PBXBuildFile section */
		FADF173624F63D1A00328999 /* AppDelegate.m in Sources */ = {isa = PBXBuildFile; fileRef = FADF173524F63D1A00328999 /* AppDelegate.m */; };
		FADF173C24F63D1A00328999 /* ViewController.m in Sources */ = {isa = PBXBuildFile; fileRef = FADF173B24F63D1A00328999 /* ViewController.m */; };
		FADF173F24F63D1A00328999 /* Main.storyboard in Resources */ = {isa = PBXBuildFile; fileRef = FADF173D24F63D1A00328999 /* Main.storyboard */; };
		FADF174124F63D1F00328999 /* Assets.xcassets in Resources */ = {isa = PBXBuildFile; fileRef = FADF174024F63D1F00328999 /* Assets.xcassets */; };
		FADF174424F63D1F00328999 /* LaunchScreen.storyboard in Resources */ = {isa = PBXBuildFile; fileRef = FADF174224F63D1F00328999 /* LaunchScreen.storyboard */; };
		FADF174724F63D1F00328999 /* main.m in Sources */ = {isa = PBXBuildFile; fileRef = FADF174624F63D1F00328999 /* main.m */; };
/* End PBXBuildFile section */

/* Begin PBXFileReference section */
		FADF173124F63D1A00328999 /* ObjectiveC Sample.app */ = {isa = PBXFileReference; explicitFileType = wrapper.application; includeInIndex = 0; path = "ObjectiveC Sample.app"; sourceTree = BUILT_PRODUCTS_DIR; };
		FADF173424F63D1A00328999 /* AppDelegate.h */ = {isa = PBXFileReference; lastKnownFileType = sourcecode.c.h; path = AppDelegate.h; sourceTree = "<group>"; };
		FADF173524F63D1A00328999 /* AppDelegate.m */ = {isa = PBXFileReference; lastKnownFileType = sourcecode.c.objc; path = AppDelegate.m; sourceTree = "<group>"; };
		FADF173A24F63D1A00328999 /* ViewController.h */ = {isa = PBXFileReference; lastKnownFileType = sourcecode.c.h; path = ViewController.h; sourceTree = "<group>"; };
		FADF173B24F63D1A00328999 /* ViewController.m */ = {isa = PBXFileReference; lastKnownFileType = sourcecode.c.objc; path = ViewController.m; sourceTree = "<group>"; };
		FADF173E24F63D1A00328999 /* Base */ = {isa = PBXFileReference; lastKnownFileType = file.storyboard; name = Base; path = Base.lproj/Main.storyboard; sourceTree = "<group>"; };
		FADF174024F63D1F00328999 /* Assets.xcassets */ = {isa = PBXFileReference; lastKnownFileType = folder.assetcatalog; path = Assets.xcassets; sourceTree = "<group>"; };
		FADF174324F63D1F00328999 /* Base */ = {isa = PBXFileReference; lastKnownFileType = file.storyboard; name = Base; path = Base.lproj/LaunchScreen.storyboard; sourceTree = "<group>"; };
		FADF174524F63D1F00328999 /* Info.plist */ = {isa = PBXFileReference; lastKnownFileType = text.plist.xml; path = Info.plist; sourceTree = "<group>"; };
		FADF174624F63D1F00328999 /* main.m */ = {isa = PBXFileReference; lastKnownFileType = sourcecode.c.objc; path = main.m; sourceTree = "<group>"; };
/* End PBXFileReference section */

/* Begin PBXFrameworksBuildPhase section */
		FADF172E24F63D1A00328999 /* Frameworks */ = {
			isa = PBXFrameworksBuildPhase;
			buildActionMask = 2147483647;
			files = (
			);
			runOnlyForDeploymentPostprocessing = 0;
		};
/* End PBXFrameworksBuildPhase section */

/* Begin PBXGroup section */
		FADF172824F63D1A00328999 = {
			isa = PBXGroup;
			children = (
				FADF173324F63D1A00328999 /* ObjectiveC Sample */,
				FADF173224F63D1A00328999 /* Products */,
			);
			sourceTree = "<group>";
		};
		FADF173224F63D1A00328999 /* Products */ = {
			isa = PBXGroup;
			children = (
				FADF173124F63D1A00328999 /* ObjectiveC Sample.app */,
			);
			name = Products;
			sourceTree = "<group>";
		};
		FADF173324F63D1A00328999 /* ObjectiveC Sample */ = {
			isa = PBXGroup;
			children = (
				FADF173424F63D1A00328999 /* AppDelegate.h */,
				FADF173524F63D1A00328999 /* AppDelegate.m */,
				FADF173A24F63D1A00328999 /* ViewController.h */,
				FADF173B24F63D1A00328999 /* ViewController.m */,
				FADF173D24F63D1A00328999 /* Main.storyboard */,
				FADF174024F63D1F00328999 /* Assets.xcassets */,
				FADF174224F63D1F00328999 /* LaunchScreen.storyboard */,
				FADF174524F63D1F00328999 /* Info.plist */,
				FADF174624F63D1F00328999 /* main.m */,
			);
			path = "ObjectiveC Sample";
			sourceTree = "<group>";
		};
/* End PBXGroup section */

/* Begin PBXNativeTarget section */
		FADF173024F63D1A00328999 /* ObjectiveC Sample */ = {
			isa = PBXNativeTarget;
			buildConfigurationList = FADF174A24F63D1F00328999 /* Build configuration list for PBXNativeTarget "ObjectiveC Sample" */;
			buildPhases = (
				FADF172D24F63D1A00328999 /* Sources */,
				FADF172E24F63D1A00328999 /* Frameworks */,
				FADF172F24F63D1A00328999 /* Resources */,
			);
			buildRules = (
			);
			dependencies = (
			);
			name = "ObjectiveC Sample";
			productName = "ObjectiveC Sample";
			productReference = FADF173124F63D1A00328999 /* ObjectiveC Sample.app */;
			productType = "com.apple.product-type.application";
		};
/* End PBXNativeTarget section */

/* Begin PBXProject section */
		FADF172924F63D1A00328999 /* Project object */ = {
			isa = PBXProject;
			attributes = {
				LastUpgradeCheck = 1150;
				ORGANIZATIONNAME = "Kalpesh Panchasara";
				TargetAttributes = {
					FADF173024F63D1A00328999 = {
						CreatedOnToolsVersion = 11.5;
					};
				};
			};
			buildConfigurationList = FADF172C24F63D1A00328999 /* Build configuration list for PBXProject "ObjectiveC Sample" */;
			compatibilityVersion = "Xcode 9.3";
			developmentRegion = en;
			hasScannedForEncodings = 0;
			knownRegions = (
				en,
				Base,
			);
			mainGroup = FADF172824F63D1A00328999;
			productRefGroup = FADF173224F63D1A00328999 /* Products */;
			projectDirPath = "";
			projectRoot = "";
			targets = (
				FADF173024F63D1A00328999 /* ObjectiveC Sample */,
			);
		};
/* End PBXProject section */

/* Begin PBXResourcesBuildPhase section */
		FADF172F24F63D1A00328999 /* Resources */ = {
			isa = PBXResourcesBuildPhase;
			buildActionMask = 2147483647;
			files = (
				FADF174424F63D1F00328999 /* LaunchScreen.storyboard in Resources */,
				FADF174124F63D1F00328999 /* Assets.xcassets in Resources */,
				FADF173F24F63D1A00328999 /* Main.storyboard in Resources */,
			);
			runOnlyForDeploymentPostprocessing = 0;
		};
/* End PBXResourcesBuildPhase section */

/* Begin PBXSourcesBuildPhase section */
		FADF172D24F63D1A00328999 /* Sources */ = {
			isa = PBXSourcesBuildPhase;
			buildActionMask = 2147483647;
			files = (
				FADF173C24F63D1A00328999 /* ViewController.m in Sources */,
				FADF173624F63D1A00328999 /* AppDelegate.m in Sources */,
				FADF174724F63D1F00328999 /* main.m in Sources */,
			);
			runOnlyForDeploymentPostprocessing = 0;
		};
/* End PBXSourcesBuildPhase section */

/* Begin PBXVariantGroup section */
		FADF173D24F63D1A00328999 /* Main.storyboard */ = {
			isa = PBXVariantGroup;
			children = (
				FADF173E24F63D1A00328999 /* Base */,
			);
			name = Main.storyboard;
			sourceTree = "<group>";
		};
		FADF174224F63D1F00328999 /* LaunchScreen.storyboard */ = {
			isa = PBXVariantGroup;
			children = (
				FADF174324F63D1F00328999 /* Base */,
			);
			name = LaunchScreen.storyboard;
			sourceTree = "<group>";
		};
/* End PBXVariantGroup section */

/* Begin XCBuildConfiguration section */
		FADF174824F63D1F00328999 /* Debug */ = {
			isa = XCBuildConfiguration;
			buildSettings = {
				ALWAYS_SEARCH_USER_PATHS = NO;
				CLANG_ANALYZER_NONNULL = YES;
				CLANG_ANALYZER_NUMBER_OBJECT_CONVERSION = YES_AGGRESSIVE;
				CLANG_CXX_LANGUAGE_STANDARD = "gnu++14";
				CLANG_CXX_LIBRARY = "libc++";
				CLANG_ENABLE_MODULES = YES;
				CLANG_ENABLE_OBJC_ARC = YES;
				CLANG_ENABLE_OBJC_WEAK = YES;
				CLANG_WARN_BLOCK_CAPTURE_AUTORELEASING = YES;
				CLANG_WARN_BOOL_CONVERSION = YES;
				CLANG_WARN_COMMA = YES;
				CLANG_WARN_CONSTANT_CONVERSION = YES;
				CLANG_WARN_DEPRECATED_OBJC_IMPLEMENTATIONS = YES;
				CLANG_WARN_DIRECT_OBJC_ISA_USAGE = YES_ERROR;
				CLANG_WARN_DOCUMENTATION_COMMENTS = YES;
				CLANG_WARN_EMPTY_BODY = YES;
				CLANG_WARN_ENUM_CONVERSION = YES;
				CLANG_WARN_INFINITE_RECURSION = YES;
				CLANG_WARN_INT_CONVERSION = YES;
				CLANG_WARN_NON_LITERAL_NULL_CONVERSION = YES;
				CLANG_WARN_OBJC_IMPLICIT_RETAIN_SELF = YES;
				CLANG_WARN_OBJC_LITERAL_CONVERSION = YES;
				CLANG_WARN_OBJC_ROOT_CLASS = YES_ERROR;
				CLANG_WARN_RANGE_LOOP_ANALYSIS = YES;
				CLANG_WARN_STRICT_PROTOTYPES = YES;
				CLANG_WARN_SUSPICIOUS_MOVE = YES;
				CLANG_WARN_UNGUARDED_AVAILABILITY = YES_AGGRESSIVE;
				CLANG_WARN_UNREACHABLE_CODE = YES;
				CLANG_WARN__DUPLICATE_METHOD_MATCH = YES;
				COPY_PHASE_STRIP = NO;
				DEBUG_INFORMATION_FORMAT = dwarf;
				ENABLE_STRICT_OBJC_MSGSEND = YES;
				ENABLE_TESTABILITY = YES;
				GCC_C_LANGUAGE_STANDARD = gnu11;
				GCC_DYNAMIC_NO_PIC = NO;
				GCC_NO_COMMON_BLOCKS = YES;
				GCC_OPTIMIZATION_LEVEL = 0;
				GCC_PREPROCESSOR_DEFINITIONS = (
					"DEBUG=1",
					"$(inherited)",
				);
				GCC_WARN_64_TO_32_BIT_CONVERSION = YES;
				GCC_WARN_ABOUT_RETURN_TYPE = YES_ERROR;
				GCC_WARN_UNDECLARED_SELECTOR = YES;
				GCC_WARN_UNINITIALIZED_AUTOS = YES_AGGRESSIVE;
				GCC_WARN_UNUSED_FUNCTION = YES;
				GCC_WARN_UNUSED_VARIABLE = YES;
				IPHONEOS_DEPLOYMENT_TARGET = 13.5;
				MTL_ENABLE_DEBUG_INFO = INCLUDE_SOURCE;
				MTL_FAST_MATH = YES;
				ONLY_ACTIVE_ARCH = YES;
				SDKROOT = iphoneos;
			};
			name = Debug;
		};
		FADF174924F63D1F00328999 /* Release */ = {
			isa = XCBuildConfiguration;
			buildSettings = {
				ALWAYS_SEARCH_USER_PATHS = NO;
				CLANG_ANALYZER_NONNULL = YES;
				CLANG_ANALYZER_NUMBER_OBJECT_CONVERSION = YES_AGGRESSIVE;
				CLANG_CXX_LANGUAGE_STANDARD = "gnu++14";
				CLANG_CXX_LIBRARY = "libc++";
				CLANG_ENABLE_MODULES = YES;
				CLANG_ENABLE_OBJC_ARC = YES;
				CLANG_ENABLE_OBJC_WEAK = YES;
				CLANG_WARN_BLOCK_CAPTURE_AUTORELEASING = YES;
				CLANG_WARN_BOOL_CONVERSION = YES;
				CLANG_WARN_COMMA = YES;
				CLANG_WARN_CONSTANT_CONVERSION = YES;
				CLANG_WARN_DEPRECATED_OBJC_IMPLEMENTATIONS = YES;
				CLANG_WARN_DIRECT_OBJC_ISA_USAGE = YES_ERROR;
				CLANG_WARN_DOCUMENTATION_COMMENTS = YES;
				CLANG_WARN_EMPTY_BODY = YES;
				CLANG_WARN_ENUM_CONVERSION = YES;
				CLANG_WARN_INFINITE_RECURSION = YES;
				CLANG_WARN_INT_CONVERSION = YES;
				CLANG_WARN_NON_LITERAL_NULL_CONVERSION = YES;
				CLANG_WARN_OBJC_IMPLICIT_RETAIN_SELF = YES;
				CLANG_WARN_OBJC_LITERAL_CONVERSION = YES;
				CLANG_WARN_OBJC_ROOT_CLASS = YES_ERROR;
				CLANG_WARN_RANGE_LOOP_ANALYSIS = YES;
				CLANG_WARN_STRICT_PROTOTYPES = YES;
				CLANG_WARN_SUSPICIOUS_MOVE = YES;
				CLANG_WARN_UNGUARDED_AVAILABILITY = YES_AGGRESSIVE;
				CLANG_WARN_UNREACHABLE_CODE = YES;
				CLANG_WARN__DUPLICATE_METHOD_MATCH = YES;
				COPY_PHASE_STRIP = NO;
				DEBUG_INFORMATION_FORMAT = "dwarf-with-dsym";
				ENABLE_NS_ASSERTIONS = NO;
				ENABLE_STRICT_OBJC_MSGSEND = YES;
				GCC_C_LANGUAGE_STANDARD = gnu11;
				GCC_NO_COMMON_BLOCKS = YES;
				GCC_WARN_64_TO_32_BIT_CONVERSION = YES;
				GCC_WARN_ABOUT_RETURN_TYPE = YES_ERROR;
				GCC_WARN_UNDECLARED_SELECTOR = YES;
				GCC_WARN_UNINITIALIZED_AUTOS = YES_AGGRESSIVE;
				GCC_WARN_UNUSED_FUNCTION = YES;
				GCC_WARN_UNUSED_VARIABLE = YES;
				IPHONEOS_DEPLOYMENT_TARGET = 13.5;
				MTL_ENABLE_DEBUG_INFO = NO;
				MTL_FAST_MATH = YES;
				SDKROOT = iphoneos;
				VALIDATE_PRODUCT = YES;
			};
			name = Release;
		};
		FADF174B24F63D1F00328999 /* Debug */ = {
			isa = XCBuildConfiguration;
			buildSettings = {
				ASSETCATALOG_COMPILER_APPICON_NAME = AppIcon;
				CODE_SIGN_STYLE = Manual;
				DEVELOPMENT_TEAM = "";
				INFOPLIST_FILE = "ObjectiveC Sample/Info.plist";
				IPHONEOS_DEPLOYMENT_TARGET = 10.0;
				LD_RUNPATH_SEARCH_PATHS = (
					"$(inherited)",
					"@executable_path/Frameworks",
				);
				PRODUCT_BUNDLE_IDENTIFIER = "com.kalpesh.ObjectiveC-Sample";
				PRODUCT_NAME = "$(TARGET_NAME)";
				PROVISIONING_PROFILE_SPECIFIER = "";
				TARGETED_DEVICE_FAMILY = "1,2";
			};
			name = Debug;
		};
		FADF174C24F63D1F00328999 /* Release */ = {
			isa = XCBuildConfiguration;
			buildSettings = {
				ASSETCATALOG_COMPILER_APPICON_NAME = AppIcon;
				CODE_SIGN_STYLE = Manual;
				DEVELOPMENT_TEAM = "";
				INFOPLIST_FILE = "ObjectiveC Sample/Info.plist";
				IPHONEOS_DEPLOYMENT_TARGET = 10.0;
				LD_RUNPATH_SEARCH_PATHS = (
					"$(inherited)",
					"@executable_path/Frameworks",
				);
				PRODUCT_BUNDLE_IDENTIFIER = "com.kalpesh.ObjectiveC-Sample";
				PRODUCT_NAME = "$(TARGET_NAME)";
				PROVISIONING_PROFILE_SPECIFIER = "";
				TARGETED_DEVICE_FAMILY = "1,2";
			};
			name = Release;
		};
/* End XCBuildConfiguration section */

/* Begin XCConfigurationList section */
		FADF172C24F63D1A00328999 /* Build configuration list for PBXProject "ObjectiveC Sample" */ = {
			isa = XCConfigurationList;
			buildConfigurations = (
				FADF174824F63D1F00328999 /* Debug */,
				FADF174924F63D1F00328999 /* Release */,
			);
			defaultConfigurationIsVisible = 0;
			defaultConfigurationName = Release;
		};
		FADF174A24F63D1F00328999 /* Build configuration list for PBXNativeTarget "ObjectiveC Sample" */ = {
			isa = XCConfigurationList;
			buildConfigurations = (
				FADF174B24F63D1F00328999 /* Debug */,
				FADF174C24F63D1F00328999 /* Release */,
			);
			defaultConfigurationIsVisible = 0;
			defaultConfigurationName = Release;
		};
/* End XCConfigurationList section */
	};
	rootObject = FADF172924F63D1A00328999 /* Project object */;
}
